
Microsoft Visual Studio Solution File, Format Version 12.00
# Visual Studio Version 17
VisualStudioVersion = 17.2.32526.322
MinimumVisualStudioVersion = 10.0.40219.1
Project("{FAE04EC0-301F-11D3-BF4B-00C04F79EFBC}") = "Unit2_BasicLoops", "Unit2_BasicLoops\Unit2_BasicLoops.csproj", "{F7DC03B6-7A35-47B2-9176-C82EEB6030B6}"
EndProject
Project("{FAE04EC0-301F-11D3-BF4B-00C04F79EFBC}") = "KeyPad", "KeyPadd\KeyPad.csproj", "{F8496DA5-A253-4559-AE5B-E80360A94513}"
EndProject
Global
	GlobalSection(SolutionConfigurationPlatforms) = preSolution
		Debug|Any CPU = Debug|Any CPU
		Release|Any CPU = Release|Any CPU
	EndGlobalSection
	GlobalSection(ProjectConfigurationPlatforms) = postSolution
		{F7DC03B6-7A35-47B2-9176-C82EEB6030B6}.Debug|Any CPU.ActiveCfg = Debug|Any CPU
		{F7DC03B6-7A35-47B2-9176-C82EEB6030B6}.Debug|Any CPU.Build.0 = Debug|Any CPU
		{F7DC03B6-7A35-47B2-9176-C82EEB6030B6}.Release|Any CPU.ActiveCfg = Release|Any CPU
		{F7DC03B6-7A35-47B2-9176-C82EEB6030B6}.Release|Any CPU.Build.0 = Release|Any CPU
		{F8496DA5-A253-4559-AE5B-E80360A94513}.Debug|Any CPU.ActiveCfg = Debug|Any CPU
		{F8496DA5-A253-4559-AE5B-E80360A94513}.Debug|Any CPU.Build.0 = Debug|Any CPU
		{F8496DA5-A253-4559-AE5B-E80360A94513}.Release|Any CPU.ActiveCfg = Release|Any CPU
		{F8496DA5-A253-4559-AE5B-E80360A94513}.Release|Any CPU.Build.0 = Release|Any CPU
	EndGlobalSection
	GlobalSection(SolutionProperties) = preSolution
		HideSolutionNode = FALSE
	EndGlobalSection
	GlobalSection(ExtensibilityGlobals) = postSolution
		SolutionGuid = {80DAB018-278A-4F8A-842C-FB09CAF92E55}
	EndGlobalSection
EndGlobal
